
Microsoft Visual Studio Solution File, Format Version 12.00
# Visual Studio Version 17
VisualStudioVersion = 17.5.002.0
MinimumVisualStudioVersion = 10.0.40219.1
Project("{9A19103F-16F7-4668-BE54-9A1E7A4F7556}") = "controlWork", "controlWork.csproj", "{59AEB883-A0DA-4EE0-B631-09A4FF07332B}"
EndProject
Global
	GlobalSection(SolutionConfigurationPlatforms) = preSolution
		Debug|Any CPU = Debug|Any CPU
		Release|Any CPU = Release|Any CPU
	EndGlobalSection
	GlobalSection(ProjectConfigurationPlatforms) = postSolution
		{59AEB883-A0DA-4EE0-B631-09A4FF07332B}.Debug|Any CPU.ActiveCfg = Debug|Any CPU
		{59AEB883-A0DA-4EE0-B631-09A4FF07332B}.Debug|Any CPU.Build.0 = Debug|Any CPU
		{59AEB883-A0DA-4EE0-B631-09A4FF07332B}.Release|Any CPU.ActiveCfg = Release|Any CPU
		{59AEB883-A0DA-4EE0-B631-09A4FF07332B}.Release|Any CPU.Build.0 = Release|Any CPU
	EndGlobalSection
	GlobalSection(SolutionProperties) = preSolution
		HideSolutionNode = FALSE
	EndGlobalSection
	GlobalSection(ExtensibilityGlobals) = postSolution
		SolutionGuid = {FC0E0030-B5F3-4B10-902E-6BF916E75FDA}
	EndGlobalSection
EndGlobal
